{"version":4,"terraform_version":"1.12.5","serial":7,"lineage":"839a4d15-19bd-f989-c637-9cf532d0f60a","outputs":{"hello":{"value":"OpenTofu is working on Ubuntu!","type":"string"}},"resources":[{"mode":"managed","type":"docker_container","name":"web","provider":"provider[\"registry.opentofu.org/kreuzwerker/docker\"]","instances":[{"schema_version":2,"attributes":{"attach":false,"bridge":"","capabilities":[],"cgroup_parent":null,"cgroupns_mode":null,"command":["nginx","-g","daemon off;"],"container_logs":null,"container_read_refresh_timeout_milliseconds":15000,"cpu_period":null,"cpu_quota":null,"cpu_set":"","cpu_shares":0,"cpus":"1.0","destroy_grace_seconds":null,"device_read_bps":[],"device_read_iops":[],"device_requests":[],"device_write_bps":[],"device_write_iops":[],"devices":[],"dns":null,"dns_opts":null,"dns_search":null,"domainname":"","entrypoint":["/docker-entrypoint.sh"],"env":[],"exit_code":null,"gpus":null,"group_add":null,"healthcheck":null,"host":[],"hostname":"2740f0e49dbe","id":"2740f0e49dbeff0ae9a0e45bd5f85e2404b7c441eba8c31bb026c4a851f88145","image":"sha256:5a88c9c45479443d7be2eadc894b4ed0a9801bae03d97a5760ae13b5c2005942","init":false,"ipc_mode":"private","labels":[],"log_driver":"json-file","log_opts":null,"logs":false,"max_retry_count":0,"memory":512,"memory_reservation":0,"memory_swap":1024,"mounts":[],"must_run":true,"name":"tofu-test-nginx","network_data":[{"gateway":"172.17.0.1","global_ipv6_address":"","global_ipv6_prefix_length":0,"ip_address":"172.17.0.2","ip_prefix_length":16,"ipv6_gateway":"","mac_address":"66:c2:00:b6:5c:26","network_name":"bridge"}],"network_mode":"bridge","networks_advanced":[],"pid_mode":null,"platform":"linux","ports":[{"external":8080,"internal":80,"ip":"0.0.0.0","protocol":"tcp"}],"privileged":false,"publish_all_ports":false,"read_only":false,"remove_volumes":true,"restart":"no","rm":false,"runtime":"runc","security_opts":[],"shm_size":64,"start":true,"stdin_open":false,"stop_signal":"SIGQUIT","stop_timeout":0,"storage_opts":null,"sysctls":null,"timeouts":null,"tmpfs":null,"tty":false,"ulimit":[],"upload":[],"user":"","userns_mode":"","volumes":[],"wait":false,"wait_timeout":60,"working_dir":""},"sensitive_attributes":[],"private":"eyJlMmJmYjczMC1lY2FhLTExZTYtOGY4OC0zNDM2M2JjN2M0YzAiOnsiY3JlYXRlIjoxMjAwMDAwMDAwMDAwLCJkZWxldGUiOjEyMDAwMDAwMDAwMDAsInVwZGF0ZSI6MTIwMDAwMDAwMDAwMH0sInNjaGVtYV92ZXJzaW9uIjoiMiJ9","dependencies":["docker_image.nginx"]}]},{"mode":"managed","type":"docker_image","name":"nginx","provider":"provider[\"registry.opentofu.org/kreuzwerker/docker\"]","instances":[{"schema_version":0,"attributes":{"build":[],"force_remove":null,"id":"sha256:5a88c9c45479443d7be2eadc894b4ed0a9801bae03d97a5760ae13b5c2005942nginx:latest","image_id":"sha256:5a88c9c45479443d7be2eadc894b4ed0a9801bae03d97a5760ae13b5c2005942","keep_locally":null,"name":"nginx:latest","platform":null,"pull_triggers":null,"repo_digest":"nginx@sha256:5a88c9c45479443d7be2eadc894b4ed0a9801bae03d97a5760ae13b5c2005942","timeouts":null,"triggers":null},"sensitive_attributes":[],"private":"eyJlMmJmYjczMC1lY2FhLTExZTYtOGY4OC0zNDM2M2JjN2M0YzAiOnsiY3JlYXRlIjoxMjAwMDAwMDAwMDAwLCJkZWxldGUiOjEyMDAwMDAwMDAwMDAsInVwZGF0ZSI6MTIwMDAwMDAwMDAwMH19"}]},{"mode":"managed","type":"local_file","name":"hello","provider":"provider[\"registry.opentofu.org/hashicorp/local\"]","instances":[{"schema_version":0,"attributes":{"content":"OpenTofu is working on Ubuntu!","content_base64":null,"content_base64sha256":"tcVcVcEooztnTloq0uQr9FF7IuZfawMVGrmXUPcBvRg=","content_base64sha512":"PUgKA5iDRwH8M/l9YYCnxvoENLD5zdqe9dwMqCzsxDbLNKxzaG3wd1H+kXBwkFdsjbmT+xlINjzkMzkpWsfcVA==","content_md5":"d1fb60e46c49e465bc2214b4e8f52238","content_sha1":"4843fa29259772de8ac64a36ce321a6a858de3c7","content_sha256":"b5c55c55c128a33b674e5a2ad2e42bf4517b22e65f6b03151ab99750f701bd18","content_sha512":"3d480a0398834701fc33f97d6180a7c6fa0434b0f9cdda9ef5dc0ca82cecc436cb34ac73686df07751fe91707090576c8db993fb1948363ce43339295ac7dc54","directory_permission":"0777","file_permission":"0777","filename":"./hello.txt","id":"4843fa29259772de8ac64a36ce321a6a858de3c7","sensitive_content":null,"source":null},"sensitive_attributes":[[{"type":"get_attr","value":"sensitive_content"}]]}]}],"check_results":null}
